
Microsoft Visual Studio Solution File, Format Version 11.00
# Visual Studio 2010
Project("{FAE04EC0-301F-11D3-BF4B-00C04F79EFBC}") = "RpgTome.API", "RpgTome.API\RpgTome.API.csproj", "{B46387FF-7E7F-4AFF-B453-62EFA2463377}"
EndProject
Project("{FAE04EC0-301F-11D3-BF4B-00C04F79EFBC}") = "RpgTome", "RpgTome\RpgTome.csproj", "{1B7A56DB-92FF-43E8-8357-2F983F4EAA8A}"
EndProject
Project("{FAE04EC0-301F-11D3-BF4B-00C04F79EFBC}") = "RpgTome.Web", "RpgTome.Web\RpgTome.Web.csproj", "{41072376-9973-4E1E-B1B2-8C1EB42BD032}"
EndProject
Global
	GlobalSection(SolutionConfigurationPlatforms) = preSolution
		Debug|Any CPU = Debug|Any CPU
		Release|Any CPU = Release|Any CPU
	EndGlobalSection
	GlobalSection(ProjectConfigurationPlatforms) = postSolution
		{B46387FF-7E7F-4AFF-B453-62EFA2463377}.Debug|Any CPU.ActiveCfg = Debug|Any CPU
		{B46387FF-7E7F-4AFF-B453-62EFA2463377}.Debug|Any CPU.Build.0 = Debug|Any CPU
		{B46387FF-7E7F-4AFF-B453-62EFA2463377}.Release|Any CPU.ActiveCfg = Release|Any CPU
		{B46387FF-7E7F-4AFF-B453-62EFA2463377}.Release|Any CPU.Build.0 = Release|Any CPU
		{1B7A56DB-92FF-43E8-8357-2F983F4EAA8A}.Debug|Any CPU.ActiveCfg = Debug|Any CPU
		{1B7A56DB-92FF-43E8-8357-2F983F4EAA8A}.Debug|Any CPU.Build.0 = Debug|Any CPU
		{1B7A56DB-92FF-43E8-8357-2F983F4EAA8A}.Release|Any CPU.ActiveCfg = Release|Any CPU
		{1B7A56DB-92FF-43E8-8357-2F983F4EAA8A}.Release|Any CPU.Build.0 = Release|Any CPU
		{41072376-9973-4E1E-B1B2-8C1EB42BD032}.Debug|Any CPU.ActiveCfg = Debug|Any CPU
		{41072376-9973-4E1E-B1B2-8C1EB42BD032}.Debug|Any CPU.Build.0 = Debug|Any CPU
		{41072376-9973-4E1E-B1B2-8C1EB42BD032}.Release|Any CPU.ActiveCfg = Release|Any CPU
		{41072376-9973-4E1E-B1B2-8C1EB42BD032}.Release|Any CPU.Build.0 = Release|Any CPU
	EndGlobalSection
	GlobalSection(SolutionProperties) = preSolution
		HideSolutionNode = FALSE
	EndGlobalSection
EndGlobal
